
Microsoft Visual Studio Solution File, Format Version 12.00
# Visual Studio Version 17
VisualStudioVersion = 17.7.34003.232
MinimumVisualStudioVersion = 10.0.40219.1
Project("{FAE04EC0-301F-11D3-BF4B-00C04F79EFBC}") = "PokemonReviewApp", "PokemonReviewApp\PokemonReviewApp.csproj", "{44B5330A-F368-4C83-B04A-2F254AC3AD05}"
EndProject
Global
	GlobalSection(SolutionConfigurationPlatforms) = preSolution
		Debug|Any CPU = Debug|Any CPU
		Release|Any CPU = Release|Any CPU
	EndGlobalSection
	GlobalSection(ProjectConfigurationPlatforms) = postSolution
		{44B5330A-F368-4C83-B04A-2F254AC3AD05}.Debug|Any CPU.ActiveCfg = Debug|Any CPU
		{44B5330A-F368-4C83-B04A-2F254AC3AD05}.Debug|Any CPU.Build.0 = Debug|Any CPU
		{44B5330A-F368-4C83-B04A-2F254AC3AD05}.Release|Any CPU.ActiveCfg = Release|Any CPU
		{44B5330A-F368-4C83-B04A-2F254AC3AD05}.Release|Any CPU.Build.0 = Release|Any CPU
	EndGlobalSection
	GlobalSection(SolutionProperties) = preSolution
		HideSolutionNode = FALSE
	EndGlobalSection
	GlobalSection(ExtensibilityGlobals) = postSolution
		SolutionGuid = {7A68DA4F-29DB-4246-98AB-65CB76128F4E}
	EndGlobalSection
EndGlobal
